
Microsoft Visual Studio Solution File, Format Version 12.00
# Visual Studio Version 17
VisualStudioVersion = 17.8.34322.80
MinimumVisualStudioVersion = 10.0.40219.1
Project("{FAE04EC0-301F-11D3-BF4B-00C04F79EFBC}") = "HomeWork_6", "HomeWork_6\HomeWork_6.csproj", "{927813A6-281C-459A-B369-41A55B466505}"
EndProject
Global
	GlobalSection(SolutionConfigurationPlatforms) = preSolution
		Debug|Any CPU = Debug|Any CPU
		Release|Any CPU = Release|Any CPU
	EndGlobalSection
	GlobalSection(ProjectConfigurationPlatforms) = postSolution
		{927813A6-281C-459A-B369-41A55B466505}.Debug|Any CPU.ActiveCfg = Debug|Any CPU
		{927813A6-281C-459A-B369-41A55B466505}.Debug|Any CPU.Build.0 = Debug|Any CPU
		{927813A6-281C-459A-B369-41A55B466505}.Release|Any CPU.ActiveCfg = Release|Any CPU
		{927813A6-281C-459A-B369-41A55B466505}.Release|Any CPU.Build.0 = Release|Any CPU
	EndGlobalSection
	GlobalSection(SolutionProperties) = preSolution
		HideSolutionNode = FALSE
	EndGlobalSection
	GlobalSection(ExtensibilityGlobals) = postSolution
		SolutionGuid = {873774E8-BFBE-419D-833B-E70B075170D2}
	EndGlobalSection
EndGlobal
